
Microsoft Visual Studio Solution File, Format Version 12.00
# Visual Studio 14
VisualStudioVersion = 14.0.25420.1
MinimumVisualStudioVersion = 10.0.40219.1
Project("{2150E333-8FDC-42A3-9474-1A3956D46DE8}") = "src", "src", "{6BB6E73E-A1DA-4062-A89C-35D291757A01}"
EndProject
Project("{2150E333-8FDC-42A3-9474-1A3956D46DE8}") = "Solution Items", "Solution Items", "{D8B6F0CD-7DE8-472F-91D8-A53979E5B3D1}"
	ProjectSection(SolutionItems) = preProject
		global.json = global.json
	EndProjectSection
EndProject
Project("{8BB2217D-0F2D-49D1-97BC-3654ED321F3B}") = "ng2d3", "src\ng2d3\ng2d3.xproj", "{5B0199FE-917C-417B-BF25-47D4929DB1A3}"
EndProject
Global
	GlobalSection(SolutionConfigurationPlatforms) = preSolution
		Debug|Any CPU = Debug|Any CPU
		Release|Any CPU = Release|Any CPU
	EndGlobalSection
	GlobalSection(ProjectConfigurationPlatforms) = postSolution
		{5B0199FE-917C-417B-BF25-47D4929DB1A3}.Debug|Any CPU.ActiveCfg = Debug|Any CPU
		{5B0199FE-917C-417B-BF25-47D4929DB1A3}.Debug|Any CPU.Build.0 = Debug|Any CPU
		{5B0199FE-917C-417B-BF25-47D4929DB1A3}.Release|Any CPU.ActiveCfg = Release|Any CPU
		{5B0199FE-917C-417B-BF25-47D4929DB1A3}.Release|Any CPU.Build.0 = Release|Any CPU
	EndGlobalSection
	GlobalSection(SolutionProperties) = preSolution
		HideSolutionNode = FALSE
	EndGlobalSection
	GlobalSection(NestedProjects) = preSolution
		{5B0199FE-917C-417B-BF25-47D4929DB1A3} = {6BB6E73E-A1DA-4062-A89C-35D291757A01}
	EndGlobalSection
EndGlobal
